{
  "requires": true,
  "lockfileVersion": 1,
  "dependencies": {
    "bundy": {
      "version": "0.1.1",
      "resolved": "https://registry.npmjs.org/bundy/-/bundy-0.1.1.tgz",
      "integrity": "sha1-0Ddx3b1v49zxArxtN/kXfks4tig=",
      "requires": {
        "cli-color": "0.2.1",
        "node-minify": "0.7.2"
      }
    },
    "cli-color": {
      "version": "0.2.1",
      "resolved": "https://registry.npmjs.org/cli-color/-/cli-color-0.2.1.tgz",
      "integrity": "sha1-q9BYZrfDiom6YJEThJGDrq4BZ2c=",
      "requires": {
        "es5-ext": "~0.9.1",
        "memoizee": "0.2.x"
      }
    },
    "commander": {
      "version": "2.20.0",
      "resolved": "https://registry.npmjs.org/commander/-/commander-2.20.0.tgz",
      "integrity": "sha512-7j2y+40w61zy6YC2iRNpUe/NwhNyoXrYpHMrSunaMG64nRnaf96zO/KMQR4OyN/UnE5KLyEBnKHd4aG3rskjpQ=="
    },
    "es5-ext": {
      "version": "0.9.2",
      "resolved": "https://registry.npmjs.org/es5-ext/-/es5-ext-0.9.2.tgz",
      "integrity": "sha1-0uMJ0fIjsHGGSINaz1uII6gGH4o="
    },
    "event-emitter": {
      "version": "0.2.2",
      "resolved": "https://registry.npmjs.org/event-emitter/-/event-emitter-0.2.2.tgz",
      "integrity": "sha1-yB43JOtVQHxaDV7jKZQR9wD1QpE=",
      "requires": {
        "es5-ext": "~0.9.2"
      }
    },
    "memoizee": {
      "version": "0.2.6",
      "resolved": "https://registry.npmjs.org/memoizee/-/memoizee-0.2.6.tgz",
      "integrity": "sha1-u0WnrQJTAILxYSZx2rNSGc0uB0E=",
      "requires": {
        "es5-ext": "~0.9.2",
        "event-emitter": "~0.2.2",
        "next-tick": "0.1.x"
      }
    },
    "next-tick": {
      "version": "0.1.0",
      "resolved": "https://registry.npmjs.org/next-tick/-/next-tick-0.1.0.tgz",
      "integrity": "sha1-GRLM6OubaX1kD7upT48A3sO5Qlk="
    },
    "node-minify": {
      "version": "0.7.2",
      "resolved": "https://registry.npmjs.org/node-minify/-/node-minify-0.7.2.tgz",
      "integrity": "sha1-bnxc0VtpfqMJ000axXU4mFMPh0o=",
      "requires": {
        "sqwish": "*",
        "uglify-js": "*"
      }
    },
    "source-map": {
      "version": "0.6.1",
      "resolved": "https://registry.npmjs.org/source-map/-/source-map-0.6.1.tgz",
      "integrity": "sha512-UjgapumWlbMhkBgzT7Ykc5YXUT46F0iKu8SGXq0bcwP5dz/h0Plj6enJqjz1Zbq2l5WaqYnrVbwWOWMyF3F47g=="
    },
    "sqwish": {
      "version": "0.2.2",
      "resolved": "https://registry.npmjs.org/sqwish/-/sqwish-0.2.2.tgz",
      "integrity": "sha1-AP4maBBPEii1u37nOe9gEhu8sFc="
    },
    "uglify-js": {
      "version": "3.6.0",
      "resolved": "https://registry.npmjs.org/uglify-js/-/uglify-js-3.6.0.tgz",
      "integrity": "sha512-W+jrUHJr3DXKhrsS7NUVxn3zqMOFn0hL/Ei6v0anCIMoKC93TjcflTagwIHLW7SfMFfiQuktQyFVCFHGUE0+yg==",
      "requires": {
        "commander": "~2.20.0",
        "source-map": "~0.6.1"
      }
    }
  }
}
